# THIS IS AN AUTOGENERATED FILE. DO NOT EDIT THIS FILE DIRECTLY.
# yarn lockfile v1


"@types/node@*":
  version "9.4.6"
  resolved "https://registry.yarnpkg.com/@types/node/-/node-9.4.6.tgz#d8176d864ee48753d053783e4e463aec86b8d82e"

"@types/react-dom@^16.0.4":
  version "16.0.4"
  resolved "https://registry.yarnpkg.com/@types/react-dom/-/react-dom-16.0.4.tgz#2e8fd45f5443780ed49bf2cdd9809e6091177a7d"
  dependencies:
    "@types/node" "*"
    "@types/react" "*"

"@types/react@*", "@types/react@^16.0.38":
  version "16.0.38"
  resolved "https://registry.yarnpkg.com/@types/react/-/react-16.0.38.tgz#76617433ea10274505f60bb86eddfdd0476ffdc2"
